{
  "version": 4,
  "terraform_version": "1.15.7",
  "serial": 14,
  "lineage": "0e85622a-094f-89fe-07cb-2a6c7c0e798d",
  "outputs": {
    "kubeconfig_command": {
      "value": "ssh -i ./predictive-sre-free-key.pem ec2-user@100.29.207.220 sudo cat /etc/rancher/k3s/k3s.yaml \u003e ~/.kube/config-aws \u0026\u0026 sed -i '' 's/127.0.0.1/100.29.207.220/g' ~/.kube/config-aws \u0026\u0026 export KUBECONFIG=~/.kube/config-aws",
      "type": "string"
    },
    "public_ip": {
      "value": "100.29.207.220",
      "type": "string"
    },
    "ssh_command": {
      "value": "ssh -i ./predictive-sre-free-key.pem ec2-user@100.29.207.220",
      "type": "string"
    },
    "website_url": {
      "value": "http://100.29.207.220",
      "type": "string"
    }
  },
  "resources": [
    {
      "mode": "data",
      "type": "aws_ami",
      "name": "amazon_linux",
      "provider": "provider[\"registry.terraform.io/hashicorp/aws\"]",
      "instances": [
        {
          "schema_version": 0,
          "attributes": {
            "architecture": "x86_64",
            "arn": "arn:aws:ec2:us-east-1::image/ami-0c77d5489ecd327ba",
            "block_device_mappings": [
              {
                "device_name": "/dev/xvda",
                "ebs": {
                  "delete_on_termination": "true",
                  "encrypted": "false",
                  "iops": "3000",
                  "snapshot_id": "snap-0e656706023e77dea",
                  "throughput": "125",
                  "volume_initialization_rate": "0",
                  "volume_size": "30",
                  "volume_type": "gp3"
                },
                "no_device": "",
                "virtual_name": ""
              }
            ],
            "boot_mode": "uefi-preferred",
            "creation_date": "2026-07-01T23:15:16.000Z",
            "deprecation_time": "2028-07-01T23:15:16.000Z",
            "description": "Amazon Linux AMI 2023.0.20260701 x86_64 ECS HVM EBS",
            "ena_support": true,
            "executable_users": null,
            "filter": [
              {
                "name": "name",
                "values": [
                  "al2023-ami-*-x86_64"
                ]
              },
              {
                "name": "virtualization-type",
                "values": [
                  "hvm"
                ]
              }
            ],
            "hypervisor": "xen",
            "id": "ami-0c77d5489ecd327ba",
            "image_id": "ami-0c77d5489ecd327ba",
            "image_location": "amazon/al2023-ami-ecs-neuron-hvm-2023.0.20260701-kernel-6.1-x86_64",
            "image_owner_alias": "amazon",
            "image_type": "machine",
            "imds_support": "v2.0",
            "include_deprecated": false,
            "kernel_id": "",
            "last_launched_time": "",
            "most_recent": true,
            "name": "al2023-ami-ecs-neuron-hvm-2023.0.20260701-kernel-6.1-x86_64",
            "name_regex": null,
            "owner_id": "591542846629",
            "owners": [
              "amazon"
            ],
            "platform": "",
            "platform_details": "Linux/UNIX",
            "product_codes": [],
            "public": true,
            "ramdisk_id": "",
            "root_device_name": "/dev/xvda",
            "root_device_type": "ebs",
            "root_snapshot_id": "snap-0e656706023e77dea",
            "sriov_net_support": "simple",
            "state": "available",
            "state_reason": {
              "code": "UNSET",
              "message": "UNSET"
            },
            "tags": {},
            "timeouts": null,
            "tpm_support": "",
            "uefi_data": null,
            "usage_operation": "RunInstances",
            "virtualization_type": "hvm"
          },
          "sensitive_attributes": [],
          "identity_schema_version": 0
        }
      ]
    },
    {
      "mode": "data",
      "type": "aws_availability_zones",
      "name": "available",
      "provider": "provider[\"registry.terraform.io/hashicorp/aws\"]",
      "instances": [
        {
          "schema_version": 0,
          "attributes": {
            "all_availability_zones": null,
            "exclude_names": null,
            "exclude_zone_ids": null,
            "filter": null,
            "group_names": [
              "us-east-1-zg-1"
            ],
            "id": "us-east-1",
            "names": [
              "us-east-1a",
              "us-east-1b",
              "us-east-1c",
              "us-east-1d",
              "us-east-1e",
              "us-east-1f"
            ],
            "state": "available",
            "timeouts": null,
            "zone_ids": [
              "use1-az6",
              "use1-az1",
              "use1-az2",
              "use1-az4",
              "use1-az3",
              "use1-az5"
            ]
          },
          "sensitive_attributes": [],
          "identity_schema_version": 0
        }
      ]
    },
    {
      "mode": "managed",
      "type": "aws_eip",
      "name": "k3s",
      "provider": "provider[\"registry.terraform.io/hashicorp/aws\"]",
      "instances": [
        {
          "schema_version": 0,
          "attributes": {
            "address": null,
            "allocation_id": "eipalloc-0c384e1d8f109fce9",
            "arn": "arn:aws:ec2:us-east-1:862457280450:elastic-ip/eipalloc-0c384e1d8f109fce9",
            "associate_with_private_ip": null,
            "association_id": "eipassoc-0f7bf656e92224a41",
            "carrier_ip": "",
            "customer_owned_ip": "",
            "customer_owned_ipv4_pool": "",
            "domain": "vpc",
            "id": "eipalloc-0c384e1d8f109fce9",
            "instance": "i-098825e5e430e89d5",
            "ipam_pool_id": null,
            "network_border_group": "us-east-1",
            "network_interface": "eni-0531bf0acf387a979",
            "private_dns": "ip-10-0-1-33.ec2.internal",
            "private_ip": "10.0.1.33",
            "ptr_record": "",
            "public_dns": "ec2-100-29-207-220.compute-1.amazonaws.com",
            "public_ip": "100.29.207.220",
            "public_ipv4_pool": "amazon",
            "tags": {
              "Name": "predictive-sre-free-eip"
            },
            "tags_all": {
              "Name": "predictive-sre-free-eip"
            },
            "timeouts": null,
            "vpc": true
          },
          "sensitive_attributes": [],
          "identity_schema_version": 0,
          "private": "eyJlMmJmYjczMC1lY2FhLTExZTYtOGY4OC0zNDM2M2JjN2M0YzAiOnsiZGVsZXRlIjoxODAwMDAwMDAwMDAsInJlYWQiOjkwMDAwMDAwMDAwMCwidXBkYXRlIjozMDAwMDAwMDAwMDB9fQ==",
          "dependencies": [
            "aws_instance.k3s",
            "aws_internet_gateway.main",
            "aws_key_pair.deployer",
            "aws_security_group.k3s",
            "aws_subnet.public",
            "aws_vpc.main",
            "data.aws_ami.amazon_linux",
            "data.aws_availability_zones.available",
            "tls_private_key.deployer"
          ]
        }
      ]
    },
    {
      "mode": "managed",
      "type": "aws_instance",
      "name": "k3s",
      "provider": "provider[\"registry.terraform.io/hashicorp/aws\"]",
      "instances": [
        {
          "schema_version": 1,
          "attributes": {
            "ami": "ami-0c77d5489ecd327ba",
            "arn": "arn:aws:ec2:us-east-1:862457280450:instance/i-098825e5e430e89d5",
            "associate_public_ip_address": true,
            "availability_zone": "us-east-1a",
            "capacity_reservation_specification": [
              {
                "capacity_reservation_preference": "open",
                "capacity_reservation_target": []
              }
            ],
            "cpu_core_count": 1,
            "cpu_options": [
              {
                "amd_sev_snp": "",
                "core_count": 1,
                "threads_per_core": 2
              }
            ],
            "cpu_threads_per_core": 2,
            "credit_specification": [
              {
                "cpu_credits": "unlimited"
              }
            ],
            "disable_api_stop": false,
            "disable_api_termination": false,
            "ebs_block_device": [],
            "ebs_optimized": false,
            "enable_primary_ipv6": null,
            "enclave_options": [
              {
                "enabled": false
              }
            ],
            "ephemeral_block_device": [],
            "get_password_data": false,
            "hibernation": false,
            "host_id": "",
            "host_resource_group_arn": null,
            "iam_instance_profile": "",
            "id": "i-098825e5e430e89d5",
            "instance_initiated_shutdown_behavior": "stop",
            "instance_lifecycle": "",
            "instance_market_options": [],
            "instance_state": "running",
            "instance_type": "t3.micro",
            "ipv6_address_count": 0,
            "ipv6_addresses": [],
            "key_name": "predictive-sre-free-key",
            "launch_template": [],
            "maintenance_options": [
              {
                "auto_recovery": "default"
              }
            ],
            "metadata_options": [
              {
                "http_endpoint": "enabled",
                "http_protocol_ipv6": "disabled",
                "http_put_response_hop_limit": 2,
                "http_tokens": "required",
                "instance_metadata_tags": "disabled"
              }
            ],
            "monitoring": false,
            "network_interface": [],
            "outpost_arn": "",
            "password_data": "",
            "placement_group": "",
            "placement_partition_number": 0,
            "primary_network_interface_id": "eni-0531bf0acf387a979",
            "private_dns": "ip-10-0-1-33.ec2.internal",
            "private_dns_name_options": [
              {
                "enable_resource_name_dns_a_record": false,
                "enable_resource_name_dns_aaaa_record": false,
                "hostname_type": "ip-name"
              }
            ],
            "private_ip": "10.0.1.33",
            "public_dns": "ec2-34-203-194-133.compute-1.amazonaws.com",
            "public_ip": "34.203.194.133",
            "root_block_device": [
              {
                "delete_on_termination": true,
                "device_name": "/dev/xvda",
                "encrypted": false,
                "iops": 3000,
                "kms_key_id": "",
                "tags": null,
                "tags_all": {},
                "throughput": 125,
                "volume_id": "vol-0155820e2440375ed",
                "volume_size": 30,
                "volume_type": "gp3"
              }
            ],
            "secondary_private_ips": [],
            "security_groups": [],
            "source_dest_check": true,
            "spot_instance_request_id": "",
            "subnet_id": "subnet-05172b4a8eb866aea",
            "tags": {
              "Name": "predictive-sre-free-k3s-node"
            },
            "tags_all": {
              "Name": "predictive-sre-free-k3s-node"
            },
            "tenancy": "default",
            "timeouts": null,
            "user_data": "15530ad25792822fd37ba20b43bd6b58ff2077ae",
            "user_data_base64": null,
            "user_data_replace_on_change": false,
            "volume_tags": null,
            "vpc_security_group_ids": [
              "sg-0989668b7656257d5"
            ]
          },
          "sensitive_attributes": [],
          "identity_schema_version": 0,
          "private": "eyJlMmJmYjczMC1lY2FhLTExZTYtOGY4OC0zNDM2M2JjN2M0YzAiOnsiY3JlYXRlIjo2MDAwMDAwMDAwMDAsImRlbGV0ZSI6MTIwMDAwMDAwMDAwMCwicmVhZCI6OTAwMDAwMDAwMDAwLCJ1cGRhdGUiOjYwMDAwMDAwMDAwMH0sInNjaGVtYV92ZXJzaW9uIjoiMSJ9",
          "dependencies": [
            "aws_key_pair.deployer",
            "aws_security_group.k3s",
            "aws_subnet.public",
            "aws_vpc.main",
            "data.aws_ami.amazon_linux",
            "data.aws_availability_zones.available",
            "tls_private_key.deployer"
          ]
        }
      ]
    },
    {
      "mode": "managed",
      "type": "aws_internet_gateway",
      "name": "main",
      "provider": "provider[\"registry.terraform.io/hashicorp/aws\"]",
      "instances": [
        {
          "schema_version": 0,
          "attributes": {
            "arn": "arn:aws:ec2:us-east-1:862457280450:internet-gateway/igw-0406314f08ced7948",
            "id": "igw-0406314f08ced7948",
            "owner_id": "862457280450",
            "tags": {
              "Name": "predictive-sre-free-igw"
            },
            "tags_all": {
              "Name": "predictive-sre-free-igw"
            },
            "timeouts": null,
            "vpc_id": "vpc-04428744308835c85"
          },
          "sensitive_attributes": [],
          "identity_schema_version": 0,
          "private": "eyJlMmJmYjczMC1lY2FhLTExZTYtOGY4OC0zNDM2M2JjN2M0YzAiOnsiY3JlYXRlIjoxMjAwMDAwMDAwMDAwLCJkZWxldGUiOjEyMDAwMDAwMDAwMDAsInVwZGF0ZSI6MTIwMDAwMDAwMDAwMH19",
          "dependencies": [
            "aws_vpc.main"
          ]
        }
      ]
    },
    {
      "mode": "managed",
      "type": "aws_key_pair",
      "name": "deployer",
      "provider": "provider[\"registry.terraform.io/hashicorp/aws\"]",
      "instances": [
        {
          "schema_version": 1,
          "attributes": {
            "arn": "arn:aws:ec2:us-east-1:862457280450:key-pair/predictive-sre-free-key",
            "fingerprint": "b6:ce:7b:a7:0d:c0:08:e2:e6:84:5b:a6:e3:b1:4f:f4",
            "id": "predictive-sre-free-key",
            "key_name": "predictive-sre-free-key",
            "key_name_prefix": "",
            "key_pair_id": "key-0b3d590512a4679d1",
            "key_type": "rsa",
            "public_key": "ssh-rsa AAAAB3NzaC1yc2EAAAADAQABAAACAQCgfGv7iv5QXqBvNet0T0Qxq0p5Za7a0eA5p0ryl7PGZULgVAhSs/Ib/ECTfqXPKRQbLSL6A1WgVJUKcT8kwqIXgizvkUUJhUYj6088AF3wJTC8mrxp4k8aO+N/J1+N0KBjbbT7l3p0wsd/gCJmvmOHC1wMVmywrGD225NKXCQyOx14WjDiOifAhVB+SUrv9K6d4+q2SMdjKMzwM3kzmYgvPnziI8IstBeJBs4qtSaZg+iryk7QDdr5zTketBEDZI7bei0TPcLbxr1Ir8h5ldsYnoIRRrSx7uWO+Gw9Ukwk9JlBB55zuJU6ZG1H1N/pwuNSk2xGIuri6RSu48S53tJtLQ4Shzwk6T1ygkVLFLB01TZw0KXOfNgICK98ufj7w0sNoIvUu8c/F7OWu3aDr9sO/e2+UsBZjPsSILrXZUOQSebYYAmrwz4/rgG+2NehIQDJxsyriKeMKayGYqvbsF7pWrkk6IZfcrnUnPHSw3E9kSXP/zJ/sS12LqFWgoH4oDM07soed3Hckpo8cPus3BMIx/yPZOIuMDLROGaXSQM7h1+y64Q04VBoF8AZ/vf+9VAQWjtkrpnWh/ieaNmZwXNqOKdW5ax8NzfZd4qgVtTEZ8NhEMYm8IClKlpcMd5kvV83tFAzT8vNktT+aoENkB+VfHPaNWUeoIcYGFZ3hofabw==",
            "tags": {},
            "tags_all": {}
          },
          "sensitive_attributes": [],
          "identity_schema_version": 0,
          "private": "eyJzY2hlbWFfdmVyc2lvbiI6IjEifQ==",
          "dependencies": [
            "tls_private_key.deployer"
          ]
        }
      ]
    },
    {
      "mode": "managed",
      "type": "aws_route_table",
      "name": "public",
      "provider": "provider[\"registry.terraform.io/hashicorp/aws\"]",
      "instances": [
        {
          "schema_version": 0,
          "attributes": {
            "arn": "arn:aws:ec2:us-east-1:862457280450:route-table/rtb-0529daa053f2ff7b4",
            "id": "rtb-0529daa053f2ff7b4",
            "owner_id": "862457280450",
            "propagating_vgws": [],
            "route": [
              {
                "carrier_gateway_id": "",
                "cidr_block": "0.0.0.0/0",
                "core_network_arn": "",
                "destination_prefix_list_id": "",
                "egress_only_gateway_id": "",
                "gateway_id": "igw-0406314f08ced7948",
                "ipv6_cidr_block": "",
                "local_gateway_id": "",
                "nat_gateway_id": "",
                "network_interface_id": "",
                "transit_gateway_id": "",
                "vpc_endpoint_id": "",
                "vpc_peering_connection_id": ""
              }
            ],
            "tags": {
              "Name": "predictive-sre-free-public-rt"
            },
            "tags_all": {
              "Name": "predictive-sre-free-public-rt"
            },
            "timeouts": null,
            "vpc_id": "vpc-04428744308835c85"
          },
          "sensitive_attributes": [],
          "identity_schema_version": 0,
          "private": "eyJlMmJmYjczMC1lY2FhLTExZTYtOGY4OC0zNDM2M2JjN2M0YzAiOnsiY3JlYXRlIjozMDAwMDAwMDAwMDAsImRlbGV0ZSI6MzAwMDAwMDAwMDAwLCJ1cGRhdGUiOjEyMDAwMDAwMDAwMH19",
          "dependencies": [
            "aws_internet_gateway.main",
            "aws_vpc.main"
          ]
        }
      ]
    },
    {
      "mode": "managed",
      "type": "aws_route_table_association",
      "name": "public",
      "provider": "provider[\"registry.terraform.io/hashicorp/aws\"]",
      "instances": [
        {
          "schema_version": 0,
          "attributes": {
            "gateway_id": "",
            "id": "rtbassoc-0d28ea499ad0df659",
            "route_table_id": "rtb-0529daa053f2ff7b4",
            "subnet_id": "subnet-05172b4a8eb866aea",
            "timeouts": null
          },
          "sensitive_attributes": [],
          "identity_schema_version": 0,
          "private": "eyJlMmJmYjczMC1lY2FhLTExZTYtOGY4OC0zNDM2M2JjN2M0YzAiOnsiY3JlYXRlIjozMDAwMDAwMDAwMDAsImRlbGV0ZSI6MzAwMDAwMDAwMDAwLCJ1cGRhdGUiOjEyMDAwMDAwMDAwMH19",
          "dependencies": [
            "aws_internet_gateway.main",
            "aws_route_table.public",
            "aws_subnet.public",
            "aws_vpc.main",
            "data.aws_availability_zones.available"
          ]
        }
      ]
    },
    {
      "mode": "managed",
      "type": "aws_security_group",
      "name": "k3s",
      "provider": "provider[\"registry.terraform.io/hashicorp/aws\"]",
      "instances": [
        {
          "schema_version": 1,
          "attributes": {
            "arn": "arn:aws:ec2:us-east-1:862457280450:security-group/sg-0989668b7656257d5",
            "description": "Managed by Terraform",
            "egress": [
              {
                "cidr_blocks": [
                  "0.0.0.0/0"
                ],
                "description": "",
                "from_port": 0,
                "ipv6_cidr_blocks": [],
                "prefix_list_ids": [],
                "protocol": "-1",
                "security_groups": [],
                "self": false,
                "to_port": 0
              }
            ],
            "id": "sg-0989668b7656257d5",
            "ingress": [
              {
                "cidr_blocks": [
                  "0.0.0.0/0"
                ],
                "description": "",
                "from_port": 22,
                "ipv6_cidr_blocks": [],
                "prefix_list_ids": [],
                "protocol": "tcp",
                "security_groups": [],
                "self": false,
                "to_port": 22
              },
              {
                "cidr_blocks": [
                  "0.0.0.0/0"
                ],
                "description": "",
                "from_port": 6443,
                "ipv6_cidr_blocks": [],
                "prefix_list_ids": [],
                "protocol": "tcp",
                "security_groups": [],
                "self": false,
                "to_port": 6443
              },
              {
                "cidr_blocks": [
                  "0.0.0.0/0"
                ],
                "description": "",
                "from_port": 80,
                "ipv6_cidr_blocks": [],
                "prefix_list_ids": [],
                "protocol": "tcp",
                "security_groups": [],
                "self": false,
                "to_port": 80
              }
            ],
            "name": "predictive-sre-free-sg20260707051230803700000001",
            "name_prefix": "predictive-sre-free-sg",
            "owner_id": "862457280450",
            "revoke_rules_on_delete": false,
            "tags": {
              "Name": "predictive-sre-free-sg"
            },
            "tags_all": {
              "Name": "predictive-sre-free-sg"
            },
            "timeouts": null,
            "vpc_id": "vpc-04428744308835c85"
          },
          "sensitive_attributes": [],
          "identity_schema_version": 0,
          "private": "eyJlMmJmYjczMC1lY2FhLTExZTYtOGY4OC0zNDM2M2JjN2M0YzAiOnsiY3JlYXRlIjo2MDAwMDAwMDAwMDAsImRlbGV0ZSI6OTAwMDAwMDAwMDAwfSwic2NoZW1hX3ZlcnNpb24iOiIxIn0=",
          "dependencies": [
            "aws_vpc.main"
          ]
        }
      ]
    },
    {
      "mode": "managed",
      "type": "aws_subnet",
      "name": "public",
      "provider": "provider[\"registry.terraform.io/hashicorp/aws\"]",
      "instances": [
        {
          "schema_version": 1,
          "attributes": {
            "arn": "arn:aws:ec2:us-east-1:862457280450:subnet/subnet-05172b4a8eb866aea",
            "assign_ipv6_address_on_creation": false,
            "availability_zone": "us-east-1a",
            "availability_zone_id": "use1-az6",
            "cidr_block": "10.0.1.0/24",
            "customer_owned_ipv4_pool": "",
            "enable_dns64": false,
            "enable_lni_at_device_index": 0,
            "enable_resource_name_dns_a_record_on_launch": false,
            "enable_resource_name_dns_aaaa_record_on_launch": false,
            "id": "subnet-05172b4a8eb866aea",
            "ipv6_cidr_block": "",
            "ipv6_cidr_block_association_id": "",
            "ipv6_native": false,
            "map_customer_owned_ip_on_launch": false,
            "map_public_ip_on_launch": true,
            "outpost_arn": "",
            "owner_id": "862457280450",
            "private_dns_hostname_type_on_launch": "ip-name",
            "tags": {
              "Name": "predictive-sre-free-public"
            },
            "tags_all": {
              "Name": "predictive-sre-free-public"
            },
            "timeouts": null,
            "vpc_id": "vpc-04428744308835c85"
          },
          "sensitive_attributes": [],
          "identity_schema_version": 0,
          "private": "eyJlMmJmYjczMC1lY2FhLTExZTYtOGY4OC0zNDM2M2JjN2M0YzAiOnsiY3JlYXRlIjo2MDAwMDAwMDAwMDAsImRlbGV0ZSI6MTIwMDAwMDAwMDAwMH0sInNjaGVtYV92ZXJzaW9uIjoiMSJ9",
          "dependencies": [
            "aws_vpc.main",
            "data.aws_availability_zones.available"
          ]
        }
      ]
    },
    {
      "mode": "managed",
      "type": "aws_vpc",
      "name": "main",
      "provider": "provider[\"registry.terraform.io/hashicorp/aws\"]",
      "instances": [
        {
          "schema_version": 1,
          "attributes": {
            "arn": "arn:aws:ec2:us-east-1:862457280450:vpc/vpc-04428744308835c85",
            "assign_generated_ipv6_cidr_block": false,
            "cidr_block": "10.0.0.0/16",
            "default_network_acl_id": "acl-03ec309e57cea622b",
            "default_route_table_id": "rtb-0bb4089dbe513fae0",
            "default_security_group_id": "sg-0286ff56ad689d216",
            "dhcp_options_id": "dopt-082720d41bda22287",
            "enable_dns_hostnames": true,
            "enable_dns_support": true,
            "enable_network_address_usage_metrics": false,
            "id": "vpc-04428744308835c85",
            "instance_tenancy": "default",
            "ipv4_ipam_pool_id": null,
            "ipv4_netmask_length": null,
            "ipv6_association_id": "",
            "ipv6_cidr_block": "",
            "ipv6_cidr_block_network_border_group": "",
            "ipv6_ipam_pool_id": "",
            "ipv6_netmask_length": 0,
            "main_route_table_id": "rtb-0bb4089dbe513fae0",
            "owner_id": "862457280450",
            "tags": {
              "Name": "predictive-sre-free-vpc"
            },
            "tags_all": {
              "Name": "predictive-sre-free-vpc"
            }
          },
          "sensitive_attributes": [],
          "identity_schema_version": 0,
          "private": "eyJzY2hlbWFfdmVyc2lvbiI6IjEifQ=="
        }
      ]
    },
    {
      "mode": "managed",
      "type": "local_file",
      "name": "private_key",
      "provider": "provider[\"registry.terraform.io/hashicorp/local\"]",
      "instances": [
        {
          "schema_version": 0,
          "attributes": {
            "content": "-----BEGIN RSA PRIVATE KEY-----\nMIIJKAIBAAKCAgEAoHxr+4r+UF6gbzXrdE9EMatKeWWu2tHgOadK8pezxmVC4FQI\nUrPyG/xAk36lzykUGy0i+gNVoFSVCnE/JMKiF4Is75FFCYVGI+tPPABd8CUwvJq8\naeJPGjvjfydfjdCgY220+5d6dMLHf4AiZr5jhwtcDFZssKxg9tuTSlwkMjsdeFow\n4jonwIVQfklK7/SunePqtkjHYyjM8DN5M5mILz584iPCLLQXiQbOKrUmmYPoq8pO\n0A3a+c05HrQRA2SO23otEz3C28a9SK/IeZXbGJ6CEUa0se7ljvhsPVJMJPSZQQee\nc7iVOmRtR9Tf6cLjUpNsRiLq4ukUruPEud7SbS0OEoc8JOk9coJFSxSwdNU2cNCl\nznzYCAivfLn4+8NLDaCL1LvHPxezlrt2g6/bDv3tvlLAWYz7EiC612VDkEnm2GAJ\nq8M+P64BvtjXoSEAycbMq4injCmshmKr27Be6Vq5JOiGX3K51Jzx0sNxPZElz/8y\nf7Etdi6hVoKB+KAzNO7KHndx3JKaPHD7rNwTCMf8j2TiLjAy0Thml0kDO4dfsuuE\nNOFQaBfAGf73/vVQEFo7ZK6Z1of4nmjZmcFzajinVuWsfDc32XeKoFbUxGfDYRDG\nJvCApSpaXDHeZL1fN7RQM0/LzZLU/mqBDZAflXxz2jVlHqCHGBhWd4aH2m8CAwEA\nAQKCAgA9rwT8FnTgJDbK9/ELb+oYoytJVMVr0q45yqy6aIePMl2Nho76ZrKgggi6\nCDwnzzSsq2EdsklnigsNC/EGqo6NtZma7P2ZhrGqXafDOqrgghLk8x6HHhZkUW+D\n8HjAM9dp0AF3kEXfefwe6/uM/RGZFssm7NLy5xaP216V/qtk6SbPGu9eDJc53qPN\nHlOgvi2dfzw4GuoUGVsH2ej0ZccbzYtHihH4h7HiF40HikAPUk2MNgKr4h9v0yro\nu7IsWSq1fhS0KBFs0srvFK1b2jbvlAEPLduG5nkyRhaoTSj6LU94WLrU5LXqzy3X\npaD4otEn7IT5wjMAyzCJdf8np9a9xvVGsu4cyj+vtmrH2bVn748CwrSQxPwAz94I\nTggeqJDvjfKHisRTTSjyso0zgXLLnV0Dxsn81n38D5i0aCP20Y5ccavQMYjYcBlG\nQqxAL182WuEoADhvs5b5GalS2pPzycDJvjudIIezr7SpFt/t2PvOCl+yBpEs6yDf\nWeH0iONWvAFqv4xB7Y6hGNhfwWNu3j+P58aZyTrMhB9v8CB6fiFKmra5zuJgzEVR\niDoRdcKMTlx9Y3SVdFVsgXwJK8k713vTSnq37Z9P8p6h6LSTbCACoZXp8ryIRlo6\n48SoLzTjgJQPnjgRGmTpJ617iS+lAWB4TMRa13otD3DWZAkg8QKCAQEAzfpWsS0y\nX/WEblwcmsT+HbaTFoUnVyi5imTRTaWBdlXoZg2NU3zsDgO8021yY/kb1TbjihHA\nthL/J3F8eE0U2X3fZrFFcxI3Q3WoA8qDCv9ll99RJ2dFqDHpAgvMNjs11aa6/7Am\naQQpt+WbnC5+gOx4NcgMRjxPvrNabWRkhJXfJIBFO7mvlR4BA4nz5A6k46xT9OWq\nwRjqAEZ7VBn0sovNG4T9XaLeFWklTkCZR+cxgW87LA11Ke4rvJPbGVEH6prfFXb1\naXgTXtVlBCIrpilhoHYzA/wSezISJcI5eOriqqCsZqFxhotS8JsodYXVPKpuRQyl\nqAO+h9Co/p3mnwKCAQEAx3XZuS1aTn5ZFSQB1JiiVN5SktRCF1zGdp7GzTCoUQ6x\notiCy/cHK+SWmNoJsWhW01v7Jl3bJyzplEYt4T8JN6NNiio5wVTFenhuLFx0xlli\nk53avpVTMahCgQFVymNg8EUls1hyh0JypMYK0SuJda81KOT8mt0IX0EbmGHieeCb\njOR4bSME7LC+G7bGFidMIQXIJTUMor+eNZR//CnSCZdIjPvsgBqM36MVYQcOw/TD\nVi4ZoDREss5m1YIcdna68F/9U3/PAhNmKKhryB2Yn0Gp7oAURrL6GoykF1g/c9LB\nEL5Bl2mmtzfx80nE8QWmM4aDD/DQdIv7oIfHs+OKMQKCAQAoq2Eqoo3rvIJld/J9\n7J9wJnhsXeYio3vfA4EAH8msH9I/NDXPYj8JlVtXM6j+bFU+iBPtUwwF50JR+2pk\nJnQTbXMKx726tsIKo9SEyxuMtFjO390aNp3eU9x59vJfUtmSUdViXtl2qsfB86gB\n8nwv4IDrvZAO3iGwuaEFMGlYdG8Wuezxmfw9KStyE28AfJO6EHCTTjWk4tJxM3lu\nZaGXD1t0L5IHRv0qpRQkm0SomdGAiQHZ9N5JZSlllpwQJ5u0ite5WT+jj33jn6bO\nZiDQMiOAl1YDV2YexQgoRG0sntQadJcVvJK5yhCaSUh3y/EKhWw4XgLnZbXdAyoa\n+/ppAoIBADIk8qOXP0jUgtjJwJwN82Gasu+u5R6yeEKCEECtpuMZ6paiD9/vLqJe\nSW4MArvTG2DvkuhGWD41EFPygL5L9qlCKNA/ZV2xTiRH+oq0g7cJ6bpqyP940v18\n65s7FrJW4ZwGBkBcUA6pKeE62KVVaK1patfpGYhlYSFxYNqiYSl6yiBVn+DwGODY\nXjLhdFNFdeInbfXMrGyN99xIhRSD/wXiPp8TBpX+FsRyX4GRIKkq86DK3i5kdZDu\nSvQKTdWKa9zahPlk/EntTpWSIeahaik/fNU05eQQQshB607jJLCdn2PyMNM8AGm3\nauBa/2QIo4v4mSJ8zCtAtfXZrN8QqUECggEBAI6jvy2mC7TMcT0bEIUMlbiAePvn\nVvAohyCGQZYaWu+XNIVo33Mz+85tIrxio/sm7+aohLMmBQTgaPhO8wl0RAr5zXXV\nNNcoCrXJh19od3b82NvB2Bm01l0Ul2rhlrCtdK3EwYCJ5hxekJn1rsakSJNIe3l3\nNgiEuESOBt9g/mlNqMSyC2ufUN4bjT2Tem855jBnP9CMfi6WBNnURf7u9L92pmYT\nAmBiE+6ku5urSdw2iLvp1aviXDt93kqf/QvPRo/nTwweNI34e1RY+O0PHzumUllR\nvxO5sXBSX/JUqctIHXQfj7yGcXB4fwqJH0R6HIP3EcL21Ve5Y+VrNFYSLVY=\n-----END RSA PRIVATE KEY-----\n",
            "content_base64": null,
            "content_base64sha256": "5nG+a4XpzyV/iI2sAuHyImBS4pPG3ddsRMauC08GWB8=",
            "content_base64sha512": "TZP3nK29glxaeB+1vgmBQL2nitqiHZsE7xxzQFOKRTBPZYfUbCg40gCmqUEh5/Dyd5y0kb9uonMEJrWn6j0LbQ==",
            "content_md5": "cbd5c2cbad30d79153f137b14c5de406",
            "content_sha1": "4173ef6eacece7e850d8da50aa7bae4d5d86d28d",
            "content_sha256": "e671be6b85e9cf257f888dac02e1f2226052e293c6ddd76c44c6ae0b4f06581f",
            "content_sha512": "4d93f79cadbd825c5a781fb5be098140bda78adaa21d9b04ef1c7340538a45304f6587d46c2838d200a6a94121e7f0f2779cb491bf6ea2730426b5a7ea3d0b6d",
            "directory_permission": "0777",
            "file_permission": "0400",
            "filename": "./predictive-sre-free-key.pem",
            "id": "4173ef6eacece7e850d8da50aa7bae4d5d86d28d",
            "sensitive_content": null,
            "source": null
          },
          "sensitive_attributes": [
            [
              {
                "type": "get_attr",
                "value": "content"
              }
            ],
            [
              {
                "type": "get_attr",
                "value": "sensitive_content"
              }
            ]
          ],
          "identity_schema_version": 0,
          "dependencies": [
            "tls_private_key.deployer"
          ]
        }
      ]
    },
    {
      "mode": "managed",
      "type": "tls_private_key",
      "name": "deployer",
      "provider": "provider[\"registry.terraform.io/hashicorp/tls\"]",
      "instances": [
        {
          "schema_version": 1,
          "attributes": {
            "algorithm": "RSA",
            "ecdsa_curve": "P224",
            "id": "d03602e151c02ed6163ed607a793c6b62a0e31f8",
            "private_key_openssh": "-----BEGIN OPENSSH PRIVATE KEY-----\nb3BlbnNzaC1rZXktdjEAAAAABG5vbmUAAAAEbm9uZQAAAAAAAAABAAACFwAAAAdz\nc2gtcnNhAAAAAwEAAQAAAgEAoHxr+4r+UF6gbzXrdE9EMatKeWWu2tHgOadK8pez\nxmVC4FQIUrPyG/xAk36lzykUGy0i+gNVoFSVCnE/JMKiF4Is75FFCYVGI+tPPABd\n8CUwvJq8aeJPGjvjfydfjdCgY220+5d6dMLHf4AiZr5jhwtcDFZssKxg9tuTSlwk\nMjsdeFow4jonwIVQfklK7/SunePqtkjHYyjM8DN5M5mILz584iPCLLQXiQbOKrUm\nmYPoq8pO0A3a+c05HrQRA2SO23otEz3C28a9SK/IeZXbGJ6CEUa0se7ljvhsPVJM\nJPSZQQeec7iVOmRtR9Tf6cLjUpNsRiLq4ukUruPEud7SbS0OEoc8JOk9coJFSxSw\ndNU2cNClznzYCAivfLn4+8NLDaCL1LvHPxezlrt2g6/bDv3tvlLAWYz7EiC612VD\nkEnm2GAJq8M+P64BvtjXoSEAycbMq4injCmshmKr27Be6Vq5JOiGX3K51Jzx0sNx\nPZElz/8yf7Etdi6hVoKB+KAzNO7KHndx3JKaPHD7rNwTCMf8j2TiLjAy0Thml0kD\nO4dfsuuENOFQaBfAGf73/vVQEFo7ZK6Z1of4nmjZmcFzajinVuWsfDc32XeKoFbU\nxGfDYRDGJvCApSpaXDHeZL1fN7RQM0/LzZLU/mqBDZAflXxz2jVlHqCHGBhWd4aH\n2m8AAAc4sIyuKrCMrioAAAAHc3NoLXJzYQAAAgEAoHxr+4r+UF6gbzXrdE9EMatK\neWWu2tHgOadK8pezxmVC4FQIUrPyG/xAk36lzykUGy0i+gNVoFSVCnE/JMKiF4Is\n75FFCYVGI+tPPABd8CUwvJq8aeJPGjvjfydfjdCgY220+5d6dMLHf4AiZr5jhwtc\nDFZssKxg9tuTSlwkMjsdeFow4jonwIVQfklK7/SunePqtkjHYyjM8DN5M5mILz58\n4iPCLLQXiQbOKrUmmYPoq8pO0A3a+c05HrQRA2SO23otEz3C28a9SK/IeZXbGJ6C\nEUa0se7ljvhsPVJMJPSZQQeec7iVOmRtR9Tf6cLjUpNsRiLq4ukUruPEud7SbS0O\nEoc8JOk9coJFSxSwdNU2cNClznzYCAivfLn4+8NLDaCL1LvHPxezlrt2g6/bDv3t\nvlLAWYz7EiC612VDkEnm2GAJq8M+P64BvtjXoSEAycbMq4injCmshmKr27Be6Vq5\nJOiGX3K51Jzx0sNxPZElz/8yf7Etdi6hVoKB+KAzNO7KHndx3JKaPHD7rNwTCMf8\nj2TiLjAy0Thml0kDO4dfsuuENOFQaBfAGf73/vVQEFo7ZK6Z1of4nmjZmcFzajin\nVuWsfDc32XeKoFbUxGfDYRDGJvCApSpaXDHeZL1fN7RQM0/LzZLU/mqBDZAflXxz\n2jVlHqCHGBhWd4aH2m8AAAADAQABAAACAD2vBPwWdOAkNsr38Qtv6hijK0lUxWvS\nrjnKrLpoh48yXY2GjvpmsqCCCLoIPCfPNKyrYR2ySWeKCw0L8Qaqjo21mZrs/ZmG\nsapdp8M6quCCEuTzHoceFmRRb4PweMAz12nQAXeQRd95/B7r+4z9EZkWyybs0vLn\nFo/bXpX+q2TpJs8a714Mlzneo80eU6C+LZ1/PDga6hQZWwfZ6PRlxxvNi0eKEfiH\nseIXjQeKQA9STYw2AqviH2/TKui7sixZKrV+FLQoEWzSyu8UrVvaNu+UAQ8t24bm\neTJGFqhNKPotT3hYutTkterPLdeloPii0SfshPnCMwDLMIl1/yen1r3G9Uay7hzK\nP6+2asfZtWfvjwLCtJDE/ADP3ghOCB6okO+N8oeKxFNNKPKyjTOBcsudXQPGyfzW\nffwPmLRoI/bRjlxxq9AxiNhwGUZCrEAvXzZa4SgAOG+zlvkZqVLak/PJwMm+O50g\nh7OvtKkW3+3Y+84KX7IGkSzrIN9Z4fSI41a8AWq/jEHtjqEY2F/BY27eP4/nxpnJ\nOsyEH2/wIHp+IUqatrnO4mDMRVGIOhF1woxOXH1jdJV0VWyBfAkryTvXe9NKerft\nn0/ynqHotJNsIAKhlenyvIhGWjrjxKgvNOOAlA+eOBEaZOknrXuJL6UBYHhMxFrX\nei0PcNZkCSDxAAABAQCOo78tpgu0zHE9GxCFDJW4gHj751bwKIcghkGWGlrvlzSF\naN9zM/vObSK8YqP7Ju/mqISzJgUE4Gj4TvMJdEQK+c111TTXKAq1yYdfaHd2/Njb\nwdgZtNZdFJdq4ZawrXStxMGAieYcXpCZ9a7GpEiTSHt5dzYIhLhEjgbfYP5pTajE\nsgtrn1DeG409k3pvOeYwZz/QjH4ulgTZ1EX+7vS/dqZmEwJgYhPupLubq0ncNoi7\n6dWr4lw7fd5Kn/0Lz0aP508MHjSN+HtUWPjtDx87plJZUb8TubFwUl/yVKnLSB10\nH4+8hnFweH8KiR9EehyD9xHC9tVXuWPlazRWEi1WAAABAQDN+laxLTJf9YRuXBya\nxP4dtpMWhSdXKLmKZNFNpYF2VehmDY1TfOwOA7zTbXJj+RvVNuOKEcC2Ev8ncXx4\nTRTZfd9msUVzEjdDdagDyoMK/2WX31EnZ0WoMekCC8w2OzXVprr/sCZpBCm35Zuc\nLn6A7Hg1yAxGPE++s1ptZGSEld8kgEU7ua+VHgEDifPkDqTjrFP05arBGOoARntU\nGfSyi80bhP1dot4VaSVOQJlH5zGBbzssDXUp7iu8k9sZUQfqmt8VdvVpeBNe1WUE\nIiumKWGgdjMD/BJ7MhIlwjl46uKqoKxmoXGGi1Lwmyh1hdU8qm5FDKWoA76H0Kj+\nneafAAABAQDHddm5LVpOflkVJAHUmKJU3lKS1EIXXMZ2nsbNMKhRDrGi2ILL9wcr\n5JaY2gmxaFbTW/smXdsnLOmURi3hPwk3o02KKjnBVMV6eG4sXHTGWWKTndq+lVMx\nqEKBAVXKY2DwRSWzWHKHQnKkxgrRK4l1rzUo5Pya3QhfQRuYYeJ54JuM5HhtIwTs\nsL4btsYWJ0whBcglNQyiv541lH/8KdIJl0iM++yAGozfoxVhBw7D9MNWLhmgNESy\nzmbVghx2drrwX/1Tf88CE2YoqGvIHZifQanugBRGsvoajKQXWD9z0sEQvkGXaaa3\nN/HzScTxBaYzhoMP8NB0i/ugh8ez44oxAAAAAAEC\n-----END OPENSSH PRIVATE KEY-----\n",
            "private_key_pem": "-----BEGIN RSA PRIVATE KEY-----\nMIIJKAIBAAKCAgEAoHxr+4r+UF6gbzXrdE9EMatKeWWu2tHgOadK8pezxmVC4FQI\nUrPyG/xAk36lzykUGy0i+gNVoFSVCnE/JMKiF4Is75FFCYVGI+tPPABd8CUwvJq8\naeJPGjvjfydfjdCgY220+5d6dMLHf4AiZr5jhwtcDFZssKxg9tuTSlwkMjsdeFow\n4jonwIVQfklK7/SunePqtkjHYyjM8DN5M5mILz584iPCLLQXiQbOKrUmmYPoq8pO\n0A3a+c05HrQRA2SO23otEz3C28a9SK/IeZXbGJ6CEUa0se7ljvhsPVJMJPSZQQee\nc7iVOmRtR9Tf6cLjUpNsRiLq4ukUruPEud7SbS0OEoc8JOk9coJFSxSwdNU2cNCl\nznzYCAivfLn4+8NLDaCL1LvHPxezlrt2g6/bDv3tvlLAWYz7EiC612VDkEnm2GAJ\nq8M+P64BvtjXoSEAycbMq4injCmshmKr27Be6Vq5JOiGX3K51Jzx0sNxPZElz/8y\nf7Etdi6hVoKB+KAzNO7KHndx3JKaPHD7rNwTCMf8j2TiLjAy0Thml0kDO4dfsuuE\nNOFQaBfAGf73/vVQEFo7ZK6Z1of4nmjZmcFzajinVuWsfDc32XeKoFbUxGfDYRDG\nJvCApSpaXDHeZL1fN7RQM0/LzZLU/mqBDZAflXxz2jVlHqCHGBhWd4aH2m8CAwEA\nAQKCAgA9rwT8FnTgJDbK9/ELb+oYoytJVMVr0q45yqy6aIePMl2Nho76ZrKgggi6\nCDwnzzSsq2EdsklnigsNC/EGqo6NtZma7P2ZhrGqXafDOqrgghLk8x6HHhZkUW+D\n8HjAM9dp0AF3kEXfefwe6/uM/RGZFssm7NLy5xaP216V/qtk6SbPGu9eDJc53qPN\nHlOgvi2dfzw4GuoUGVsH2ej0ZccbzYtHihH4h7HiF40HikAPUk2MNgKr4h9v0yro\nu7IsWSq1fhS0KBFs0srvFK1b2jbvlAEPLduG5nkyRhaoTSj6LU94WLrU5LXqzy3X\npaD4otEn7IT5wjMAyzCJdf8np9a9xvVGsu4cyj+vtmrH2bVn748CwrSQxPwAz94I\nTggeqJDvjfKHisRTTSjyso0zgXLLnV0Dxsn81n38D5i0aCP20Y5ccavQMYjYcBlG\nQqxAL182WuEoADhvs5b5GalS2pPzycDJvjudIIezr7SpFt/t2PvOCl+yBpEs6yDf\nWeH0iONWvAFqv4xB7Y6hGNhfwWNu3j+P58aZyTrMhB9v8CB6fiFKmra5zuJgzEVR\niDoRdcKMTlx9Y3SVdFVsgXwJK8k713vTSnq37Z9P8p6h6LSTbCACoZXp8ryIRlo6\n48SoLzTjgJQPnjgRGmTpJ617iS+lAWB4TMRa13otD3DWZAkg8QKCAQEAzfpWsS0y\nX/WEblwcmsT+HbaTFoUnVyi5imTRTaWBdlXoZg2NU3zsDgO8021yY/kb1TbjihHA\nthL/J3F8eE0U2X3fZrFFcxI3Q3WoA8qDCv9ll99RJ2dFqDHpAgvMNjs11aa6/7Am\naQQpt+WbnC5+gOx4NcgMRjxPvrNabWRkhJXfJIBFO7mvlR4BA4nz5A6k46xT9OWq\nwRjqAEZ7VBn0sovNG4T9XaLeFWklTkCZR+cxgW87LA11Ke4rvJPbGVEH6prfFXb1\naXgTXtVlBCIrpilhoHYzA/wSezISJcI5eOriqqCsZqFxhotS8JsodYXVPKpuRQyl\nqAO+h9Co/p3mnwKCAQEAx3XZuS1aTn5ZFSQB1JiiVN5SktRCF1zGdp7GzTCoUQ6x\notiCy/cHK+SWmNoJsWhW01v7Jl3bJyzplEYt4T8JN6NNiio5wVTFenhuLFx0xlli\nk53avpVTMahCgQFVymNg8EUls1hyh0JypMYK0SuJda81KOT8mt0IX0EbmGHieeCb\njOR4bSME7LC+G7bGFidMIQXIJTUMor+eNZR//CnSCZdIjPvsgBqM36MVYQcOw/TD\nVi4ZoDREss5m1YIcdna68F/9U3/PAhNmKKhryB2Yn0Gp7oAURrL6GoykF1g/c9LB\nEL5Bl2mmtzfx80nE8QWmM4aDD/DQdIv7oIfHs+OKMQKCAQAoq2Eqoo3rvIJld/J9\n7J9wJnhsXeYio3vfA4EAH8msH9I/NDXPYj8JlVtXM6j+bFU+iBPtUwwF50JR+2pk\nJnQTbXMKx726tsIKo9SEyxuMtFjO390aNp3eU9x59vJfUtmSUdViXtl2qsfB86gB\n8nwv4IDrvZAO3iGwuaEFMGlYdG8Wuezxmfw9KStyE28AfJO6EHCTTjWk4tJxM3lu\nZaGXD1t0L5IHRv0qpRQkm0SomdGAiQHZ9N5JZSlllpwQJ5u0ite5WT+jj33jn6bO\nZiDQMiOAl1YDV2YexQgoRG0sntQadJcVvJK5yhCaSUh3y/EKhWw4XgLnZbXdAyoa\n+/ppAoIBADIk8qOXP0jUgtjJwJwN82Gasu+u5R6yeEKCEECtpuMZ6paiD9/vLqJe\nSW4MArvTG2DvkuhGWD41EFPygL5L9qlCKNA/ZV2xTiRH+oq0g7cJ6bpqyP940v18\n65s7FrJW4ZwGBkBcUA6pKeE62KVVaK1patfpGYhlYSFxYNqiYSl6yiBVn+DwGODY\nXjLhdFNFdeInbfXMrGyN99xIhRSD/wXiPp8TBpX+FsRyX4GRIKkq86DK3i5kdZDu\nSvQKTdWKa9zahPlk/EntTpWSIeahaik/fNU05eQQQshB607jJLCdn2PyMNM8AGm3\nauBa/2QIo4v4mSJ8zCtAtfXZrN8QqUECggEBAI6jvy2mC7TMcT0bEIUMlbiAePvn\nVvAohyCGQZYaWu+XNIVo33Mz+85tIrxio/sm7+aohLMmBQTgaPhO8wl0RAr5zXXV\nNNcoCrXJh19od3b82NvB2Bm01l0Ul2rhlrCtdK3EwYCJ5hxekJn1rsakSJNIe3l3\nNgiEuESOBt9g/mlNqMSyC2ufUN4bjT2Tem855jBnP9CMfi6WBNnURf7u9L92pmYT\nAmBiE+6ku5urSdw2iLvp1aviXDt93kqf/QvPRo/nTwweNI34e1RY+O0PHzumUllR\nvxO5sXBSX/JUqctIHXQfj7yGcXB4fwqJH0R6HIP3EcL21Ve5Y+VrNFYSLVY=\n-----END RSA PRIVATE KEY-----\n",
            "private_key_pem_pkcs8": "-----BEGIN PRIVATE KEY-----\nMIIJQgIBADANBgkqhkiG9w0BAQEFAASCCSwwggkoAgEAAoICAQCgfGv7iv5QXqBv\nNet0T0Qxq0p5Za7a0eA5p0ryl7PGZULgVAhSs/Ib/ECTfqXPKRQbLSL6A1WgVJUK\ncT8kwqIXgizvkUUJhUYj6088AF3wJTC8mrxp4k8aO+N/J1+N0KBjbbT7l3p0wsd/\ngCJmvmOHC1wMVmywrGD225NKXCQyOx14WjDiOifAhVB+SUrv9K6d4+q2SMdjKMzw\nM3kzmYgvPnziI8IstBeJBs4qtSaZg+iryk7QDdr5zTketBEDZI7bei0TPcLbxr1I\nr8h5ldsYnoIRRrSx7uWO+Gw9Ukwk9JlBB55zuJU6ZG1H1N/pwuNSk2xGIuri6RSu\n48S53tJtLQ4Shzwk6T1ygkVLFLB01TZw0KXOfNgICK98ufj7w0sNoIvUu8c/F7OW\nu3aDr9sO/e2+UsBZjPsSILrXZUOQSebYYAmrwz4/rgG+2NehIQDJxsyriKeMKayG\nYqvbsF7pWrkk6IZfcrnUnPHSw3E9kSXP/zJ/sS12LqFWgoH4oDM07soed3Hckpo8\ncPus3BMIx/yPZOIuMDLROGaXSQM7h1+y64Q04VBoF8AZ/vf+9VAQWjtkrpnWh/ie\naNmZwXNqOKdW5ax8NzfZd4qgVtTEZ8NhEMYm8IClKlpcMd5kvV83tFAzT8vNktT+\naoENkB+VfHPaNWUeoIcYGFZ3hofabwIDAQABAoICAD2vBPwWdOAkNsr38Qtv6hij\nK0lUxWvSrjnKrLpoh48yXY2GjvpmsqCCCLoIPCfPNKyrYR2ySWeKCw0L8Qaqjo21\nmZrs/ZmGsapdp8M6quCCEuTzHoceFmRRb4PweMAz12nQAXeQRd95/B7r+4z9EZkW\nyybs0vLnFo/bXpX+q2TpJs8a714Mlzneo80eU6C+LZ1/PDga6hQZWwfZ6PRlxxvN\ni0eKEfiHseIXjQeKQA9STYw2AqviH2/TKui7sixZKrV+FLQoEWzSyu8UrVvaNu+U\nAQ8t24bmeTJGFqhNKPotT3hYutTkterPLdeloPii0SfshPnCMwDLMIl1/yen1r3G\n9Uay7hzKP6+2asfZtWfvjwLCtJDE/ADP3ghOCB6okO+N8oeKxFNNKPKyjTOBcsud\nXQPGyfzWffwPmLRoI/bRjlxxq9AxiNhwGUZCrEAvXzZa4SgAOG+zlvkZqVLak/PJ\nwMm+O50gh7OvtKkW3+3Y+84KX7IGkSzrIN9Z4fSI41a8AWq/jEHtjqEY2F/BY27e\nP4/nxpnJOsyEH2/wIHp+IUqatrnO4mDMRVGIOhF1woxOXH1jdJV0VWyBfAkryTvX\ne9NKerftn0/ynqHotJNsIAKhlenyvIhGWjrjxKgvNOOAlA+eOBEaZOknrXuJL6UB\nYHhMxFrXei0PcNZkCSDxAoIBAQDN+laxLTJf9YRuXByaxP4dtpMWhSdXKLmKZNFN\npYF2VehmDY1TfOwOA7zTbXJj+RvVNuOKEcC2Ev8ncXx4TRTZfd9msUVzEjdDdagD\nyoMK/2WX31EnZ0WoMekCC8w2OzXVprr/sCZpBCm35ZucLn6A7Hg1yAxGPE++s1pt\nZGSEld8kgEU7ua+VHgEDifPkDqTjrFP05arBGOoARntUGfSyi80bhP1dot4VaSVO\nQJlH5zGBbzssDXUp7iu8k9sZUQfqmt8VdvVpeBNe1WUEIiumKWGgdjMD/BJ7MhIl\nwjl46uKqoKxmoXGGi1Lwmyh1hdU8qm5FDKWoA76H0Kj+neafAoIBAQDHddm5LVpO\nflkVJAHUmKJU3lKS1EIXXMZ2nsbNMKhRDrGi2ILL9wcr5JaY2gmxaFbTW/smXdsn\nLOmURi3hPwk3o02KKjnBVMV6eG4sXHTGWWKTndq+lVMxqEKBAVXKY2DwRSWzWHKH\nQnKkxgrRK4l1rzUo5Pya3QhfQRuYYeJ54JuM5HhtIwTssL4btsYWJ0whBcglNQyi\nv541lH/8KdIJl0iM++yAGozfoxVhBw7D9MNWLhmgNESyzmbVghx2drrwX/1Tf88C\nE2YoqGvIHZifQanugBRGsvoajKQXWD9z0sEQvkGXaaa3N/HzScTxBaYzhoMP8NB0\ni/ugh8ez44oxAoIBACirYSqijeu8gmV38n3sn3AmeGxd5iKje98DgQAfyawf0j80\nNc9iPwmVW1czqP5sVT6IE+1TDAXnQlH7amQmdBNtcwrHvbq2wgqj1ITLG4y0WM7f\n3Ro2nd5T3Hn28l9S2ZJR1WJe2Xaqx8HzqAHyfC/ggOu9kA7eIbC5oQUwaVh0bxa5\n7PGZ/D0pK3ITbwB8k7oQcJNONaTi0nEzeW5loZcPW3QvkgdG/SqlFCSbRKiZ0YCJ\nAdn03kllKWWWnBAnm7SK17lZP6OPfeOfps5mINAyI4CXVgNXZh7FCChEbSye1Bp0\nlxW8krnKEJpJSHfL8QqFbDheAudltd0DKhr7+mkCggEAMiTyo5c/SNSC2MnAnA3z\nYZqy767lHrJ4QoIQQK2m4xnqlqIP3+8uol5JbgwCu9MbYO+S6EZYPjUQU/KAvkv2\nqUIo0D9lXbFOJEf6irSDtwnpumrI/3jS/XzrmzsWslbhnAYGQFxQDqkp4TrYpVVo\nrWlq1+kZiGVhIXFg2qJhKXrKIFWf4PAY4NheMuF0U0V14idt9cysbI333EiFFIP/\nBeI+nxMGlf4WxHJfgZEgqSrzoMreLmR1kO5K9ApN1Ypr3NqE+WT8Se1OlZIh5qFq\nKT981TTl5BBCyEHrTuMksJ2fY/Iw0zwAabdq4Fr/ZAiji/iZInzMK0C19dms3xCp\nQQKCAQEAjqO/LaYLtMxxPRsQhQyVuIB4++dW8CiHIIZBlhpa75c0hWjfczP7zm0i\nvGKj+ybv5qiEsyYFBOBo+E7zCXRECvnNddU01ygKtcmHX2h3dvzY28HYGbTWXRSX\nauGWsK10rcTBgInmHF6QmfWuxqRIk0h7eXc2CIS4RI4G32D+aU2oxLILa59Q3huN\nPZN6bznmMGc/0Ix+LpYE2dRF/u70v3amZhMCYGIT7qS7m6tJ3DaIu+nVq+JcO33e\nSp/9C89Gj+dPDB40jfh7VFj47Q8fO6ZSWVG/E7mxcFJf8lSpy0gddB+PvIZxcHh/\nCokfRHocg/cRwvbVV7lj5Ws0VhItVg==\n-----END PRIVATE KEY-----\n",
            "public_key_fingerprint_md5": "8e:2f:f0:10:d1:10:42:8b:b5:13:3b:9c:27:2d:f7:1b",
            "public_key_fingerprint_sha256": "SHA256:3BZ/WT6Q6dkb9xasguPWdA3cXcRyUUiEpSM5BYbufpg",
            "public_key_openssh": "ssh-rsa AAAAB3NzaC1yc2EAAAADAQABAAACAQCgfGv7iv5QXqBvNet0T0Qxq0p5Za7a0eA5p0ryl7PGZULgVAhSs/Ib/ECTfqXPKRQbLSL6A1WgVJUKcT8kwqIXgizvkUUJhUYj6088AF3wJTC8mrxp4k8aO+N/J1+N0KBjbbT7l3p0wsd/gCJmvmOHC1wMVmywrGD225NKXCQyOx14WjDiOifAhVB+SUrv9K6d4+q2SMdjKMzwM3kzmYgvPnziI8IstBeJBs4qtSaZg+iryk7QDdr5zTketBEDZI7bei0TPcLbxr1Ir8h5ldsYnoIRRrSx7uWO+Gw9Ukwk9JlBB55zuJU6ZG1H1N/pwuNSk2xGIuri6RSu48S53tJtLQ4Shzwk6T1ygkVLFLB01TZw0KXOfNgICK98ufj7w0sNoIvUu8c/F7OWu3aDr9sO/e2+UsBZjPsSILrXZUOQSebYYAmrwz4/rgG+2NehIQDJxsyriKeMKayGYqvbsF7pWrkk6IZfcrnUnPHSw3E9kSXP/zJ/sS12LqFWgoH4oDM07soed3Hckpo8cPus3BMIx/yPZOIuMDLROGaXSQM7h1+y64Q04VBoF8AZ/vf+9VAQWjtkrpnWh/ieaNmZwXNqOKdW5ax8NzfZd4qgVtTEZ8NhEMYm8IClKlpcMd5kvV83tFAzT8vNktT+aoENkB+VfHPaNWUeoIcYGFZ3hofabw==\n",
            "public_key_pem": "-----BEGIN PUBLIC KEY-----\nMIICIjANBgkqhkiG9w0BAQEFAAOCAg8AMIICCgKCAgEAoHxr+4r+UF6gbzXrdE9E\nMatKeWWu2tHgOadK8pezxmVC4FQIUrPyG/xAk36lzykUGy0i+gNVoFSVCnE/JMKi\nF4Is75FFCYVGI+tPPABd8CUwvJq8aeJPGjvjfydfjdCgY220+5d6dMLHf4AiZr5j\nhwtcDFZssKxg9tuTSlwkMjsdeFow4jonwIVQfklK7/SunePqtkjHYyjM8DN5M5mI\nLz584iPCLLQXiQbOKrUmmYPoq8pO0A3a+c05HrQRA2SO23otEz3C28a9SK/IeZXb\nGJ6CEUa0se7ljvhsPVJMJPSZQQeec7iVOmRtR9Tf6cLjUpNsRiLq4ukUruPEud7S\nbS0OEoc8JOk9coJFSxSwdNU2cNClznzYCAivfLn4+8NLDaCL1LvHPxezlrt2g6/b\nDv3tvlLAWYz7EiC612VDkEnm2GAJq8M+P64BvtjXoSEAycbMq4injCmshmKr27Be\n6Vq5JOiGX3K51Jzx0sNxPZElz/8yf7Etdi6hVoKB+KAzNO7KHndx3JKaPHD7rNwT\nCMf8j2TiLjAy0Thml0kDO4dfsuuENOFQaBfAGf73/vVQEFo7ZK6Z1of4nmjZmcFz\najinVuWsfDc32XeKoFbUxGfDYRDGJvCApSpaXDHeZL1fN7RQM0/LzZLU/mqBDZAf\nlXxz2jVlHqCHGBhWd4aH2m8CAwEAAQ==\n-----END PUBLIC KEY-----\n",
            "rsa_bits": 4096
          },
          "sensitive_attributes": [
            [
              {
                "type": "get_attr",
                "value": "private_key_openssh"
              }
            ],
            [
              {
                "type": "get_attr",
                "value": "private_key_pem"
              }
            ],
            [
              {
                "type": "get_attr",
                "value": "private_key_pem_pkcs8"
              }
            ]
          ],
          "identity_schema_version": 0
        }
      ]
    }
  ],
  "check_results": null
}
